
Microsoft Visual Studio Solution File, Format Version 12.00
# Visual Studio Version 17
VisualStudioVersion = 17.4.33205.214
MinimumVisualStudioVersion = 10.0.40219.1
Project("{9A19103F-16F7-4668-BE54-9A1E7A4F7556}") = "TOIRemoveGenderRestrictions", "TOIRemoveGenderRestrictions.csproj", "{602C2A7F-6B5D-4779-88F2-4446D19AC50C}"
EndProject
Global
	GlobalSection(SolutionConfigurationPlatforms) = preSolution
		Debug|Any CPU = Debug|Any CPU
		Debug|x64 = Debug|x64
		Release|Any CPU = Release|Any CPU
		Release|x64 = Release|x64
	EndGlobalSection
	GlobalSection(ProjectConfigurationPlatforms) = postSolution
		{602C2A7F-6B5D-4779-88F2-4446D19AC50C}.Debug|Any CPU.ActiveCfg = Debug|Any CPU
		{602C2A7F-6B5D-4779-88F2-4446D19AC50C}.Debug|Any CPU.Build.0 = Debug|Any CPU
		{602C2A7F-6B5D-4779-88F2-4446D19AC50C}.Debug|x64.ActiveCfg = Debug|x64
		{602C2A7F-6B5D-4779-88F2-4446D19AC50C}.Debug|x64.Build.0 = Debug|x64
		{602C2A7F-6B5D-4779-88F2-4446D19AC50C}.Release|Any CPU.ActiveCfg = Release|Any CPU
		{602C2A7F-6B5D-4779-88F2-4446D19AC50C}.Release|Any CPU.Build.0 = Release|Any CPU
		{602C2A7F-6B5D-4779-88F2-4446D19AC50C}.Release|x64.ActiveCfg = Release|x64
		{602C2A7F-6B5D-4779-88F2-4446D19AC50C}.Release|x64.Build.0 = Release|x64
	EndGlobalSection
	GlobalSection(SolutionProperties) = preSolution
		HideSolutionNode = FALSE
	EndGlobalSection
	GlobalSection(ExtensibilityGlobals) = postSolution
		SolutionGuid = {861BEF14-337D-4CF1-B412-32FC62B2EBF1}
	EndGlobalSection
EndGlobal
